
Microsoft Visual Studio Solution File, Format Version 12.00
# Visual Studio Version 17
VisualStudioVersion = 17.7.34031.279
MinimumVisualStudioVersion = 10.0.40219.1
Project("{FAE04EC0-301F-11D3-BF4B-00C04F79EFBC}") = "Aula 1", "Aula 1\Aula 1.csproj", "{E9E8369D-A815-4A77-97A4-48F43222A284}"
EndProject
Project("{FAE04EC0-301F-11D3-BF4B-00C04F79EFBC}") = "Aula 2", "Aula 2\Aula 2.csproj", "{059C910B-3107-4BBD-9DD9-D55BB23669AF}"
EndProject
Global
	GlobalSection(SolutionConfigurationPlatforms) = preSolution
		Debug|Any CPU = Debug|Any CPU
		Release|Any CPU = Release|Any CPU
	EndGlobalSection
	GlobalSection(ProjectConfigurationPlatforms) = postSolution
		{E9E8369D-A815-4A77-97A4-48F43222A284}.Debug|Any CPU.ActiveCfg = Debug|Any CPU
		{E9E8369D-A815-4A77-97A4-48F43222A284}.Debug|Any CPU.Build.0 = Debug|Any CPU
		{E9E8369D-A815-4A77-97A4-48F43222A284}.Release|Any CPU.ActiveCfg = Release|Any CPU
		{E9E8369D-A815-4A77-97A4-48F43222A284}.Release|Any CPU.Build.0 = Release|Any CPU
		{059C910B-3107-4BBD-9DD9-D55BB23669AF}.Debug|Any CPU.ActiveCfg = Debug|Any CPU
		{059C910B-3107-4BBD-9DD9-D55BB23669AF}.Debug|Any CPU.Build.0 = Debug|Any CPU
		{059C910B-3107-4BBD-9DD9-D55BB23669AF}.Release|Any CPU.ActiveCfg = Release|Any CPU
		{059C910B-3107-4BBD-9DD9-D55BB23669AF}.Release|Any CPU.Build.0 = Release|Any CPU
	EndGlobalSection
	GlobalSection(SolutionProperties) = preSolution
		HideSolutionNode = FALSE
	EndGlobalSection
	GlobalSection(ExtensibilityGlobals) = postSolution
		SolutionGuid = {86B0C42A-BB9B-4CDA-AE42-BD62441390AB}
	EndGlobalSection
EndGlobal
